
Microsoft Visual Studio Solution File, Format Version 12.00
# Visual Studio Version 16
VisualStudioVersion = 16.0.31702.278
MinimumVisualStudioVersion = 10.0.40219.1
Project("{FAE04EC0-301F-11D3-BF4B-00C04F79EFBC}") = "DinProg.UWP", "DinProg\DinProg.UWP\DinProg.UWP.csproj", "{C475C79B-B9AE-4D6B-A6C1-515D47554C4F}"
EndProject
Project("{FAE04EC0-301F-11D3-BF4B-00C04F79EFBC}") = "DinProg.Android", "DinProg\DinProg.Android\DinProg.Android.csproj", "{786773A4-8EBF-4B5E-99CC-1FB7D6795AC9}"
EndProject
Project("{FAE04EC0-301F-11D3-BF4B-00C04F79EFBC}") = "DinProg.iOS", "DinProg\DinProg.iOS\DinProg.iOS.csproj", "{CCF7FDA7-7112-4A03-B2C8-671144F040EA}"
EndProject
Project("{FAE04EC0-301F-11D3-BF4B-00C04F79EFBC}") = "DinProg", "DinProg\DinProg\DinProg.csproj", "{6B985B44-DDAD-4CDC-8596-61B59204B58B}"
EndProject
Global
	GlobalSection(SolutionConfigurationPlatforms) = preSolution
		Debug|Any CPU = Debug|Any CPU
		Debug|ARM = Debug|ARM
		Debug|iPhone = Debug|iPhone
		Debug|iPhoneSimulator = Debug|iPhoneSimulator
		Debug|x64 = Debug|x64
		Debug|x86 = Debug|x86
		Release|Any CPU = Release|Any CPU
		Release|ARM = Release|ARM
		Release|iPhone = Release|iPhone
		Release|iPhoneSimulator = Release|iPhoneSimulator
		Release|x64 = Release|x64
		Release|x86 = Release|x86
	EndGlobalSection
	GlobalSection(ProjectConfigurationPlatforms) = postSolution
		{C475C79B-B9AE-4D6B-A6C1-515D47554C4F}.Debug|Any CPU.ActiveCfg = Debug|x86
		{C475C79B-B9AE-4D6B-A6C1-515D47554C4F}.Debug|Any CPU.Build.0 = Debug|x86
		{C475C79B-B9AE-4D6B-A6C1-515D47554C4F}.Debug|Any CPU.Deploy.0 = Debug|x86
		{C475C79B-B9AE-4D6B-A6C1-515D47554C4F}.Debug|ARM.ActiveCfg = Debug|ARM
		{C475C79B-B9AE-4D6B-A6C1-515D47554C4F}.Debug|ARM.Build.0 = Debug|ARM
		{C475C79B-B9AE-4D6B-A6C1-515D47554C4F}.Debug|ARM.Deploy.0 = Debug|ARM
		{C475C79B-B9AE-4D6B-A6C1-515D47554C4F}.Debug|iPhone.ActiveCfg = Debug|x86
		{C475C79B-B9AE-4D6B-A6C1-515D47554C4F}.Debug|iPhone.Build.0 = Debug|x86
		{C475C79B-B9AE-4D6B-A6C1-515D47554C4F}.Debug|iPhone.Deploy.0 = Debug|x86
		{C475C79B-B9AE-4D6B-A6C1-515D47554C4F}.Debug|iPhoneSimulator.ActiveCfg = Debug|x86
		{C475C79B-B9AE-4D6B-A6C1-515D47554C4F}.Debug|iPhoneSimulator.Build.0 = Debug|x86
		{C475C79B-B9AE-4D6B-A6C1-515D47554C4F}.Debug|iPhoneSimulator.Deploy.0 = Debug|x86
		{C475C79B-B9AE-4D6B-A6C1-515D47554C4F}.Debug|x64.ActiveCfg = Debug|x64
		{C475C79B-B9AE-4D6B-A6C1-515D47554C4F}.Debug|x64.Build.0 = Debug|x64
		{C475C79B-B9AE-4D6B-A6C1-515D47554C4F}.Debug|x64.Deploy.0 = Debug|x64
		{C475C79B-B9AE-4D6B-A6C1-515D47554C4F}.Debug|x86.ActiveCfg = Debug|x86
		{C475C79B-B9AE-4D6B-A6C1-515D47554C4F}.Debug|x86.Build.0 = Debug|x86
		{C475C79B-B9AE-4D6B-A6C1-515D47554C4F}.Debug|x86.Deploy.0 = Debug|x86
		{C475C79B-B9AE-4D6B-A6C1-515D47554C4F}.Release|Any CPU.ActiveCfg = Release|x86
		{C475C79B-B9AE-4D6B-A6C1-515D47554C4F}.Release|Any CPU.Build.0 = Release|x86
		{C475C79B-B9AE-4D6B-A6C1-515D47554C4F}.Release|Any CPU.Deploy.0 = Release|x86
		{C475C79B-B9AE-4D6B-A6C1-515D47554C4F}.Release|ARM.ActiveCfg = Release|ARM
		{C475C79B-B9AE-4D6B-A6C1-515D47554C4F}.Release|ARM.Build.0 = Release|ARM
		{C475C79B-B9AE-4D6B-A6C1-515D47554C4F}.Release|ARM.Deploy.0 = Release|ARM
		{C475C79B-B9AE-4D6B-A6C1-515D47554C4F}.Release|iPhone.ActiveCfg = Release|x86
		{C475C79B-B9AE-4D6B-A6C1-515D47554C4F}.Release|iPhone.Build.0 = Release|x86
		{C475C79B-B9AE-4D6B-A6C1-515D47554C4F}.Release|iPhone.Deploy.0 = Release|x86
		{C475C79B-B9AE-4D6B-A6C1-515D47554C4F}.Release|iPhoneSimulator.ActiveCfg = Release|x86
		{C475C79B-B9AE-4D6B-A6C1-515D47554C4F}.Release|iPhoneSimulator.Build.0 = Release|x86
		{C475C79B-B9AE-4D6B-A6C1-515D47554C4F}.Release|iPhoneSimulator.Deploy.0 = Release|x86
		{C475C79B-B9AE-4D6B-A6C1-515D47554C4F}.Release|x64.ActiveCfg = Release|x64
		{C475C79B-B9AE-4D6B-A6C1-515D47554C4F}.Release|x64.Build.0 = Release|x64
		{C475C79B-B9AE-4D6B-A6C1-515D47554C4F}.Release|x64.Deploy.0 = Release|x64
		{C475C79B-B9AE-4D6B-A6C1-515D47554C4F}.Release|x86.ActiveCfg = Release|x86
		{C475C79B-B9AE-4D6B-A6C1-515D47554C4F}.Release|x86.Build.0 = Release|x86
		{C475C79B-B9AE-4D6B-A6C1-515D47554C4F}.Release|x86.Deploy.0 = Release|x86
		{786773A4-8EBF-4B5E-99CC-1FB7D6795AC9}.Debug|Any CPU.ActiveCfg = Debug|Any CPU
		{786773A4-8EBF-4B5E-99CC-1FB7D6795AC9}.Debug|Any CPU.Build.0 = Debug|Any CPU
		{786773A4-8EBF-4B5E-99CC-1FB7D6795AC9}.Debug|Any CPU.Deploy.0 = Debug|Any CPU
		{786773A4-8EBF-4B5E-99CC-1FB7D6795AC9}.Debug|ARM.ActiveCfg = Debug|Any CPU
		{786773A4-8EBF-4B5E-99CC-1FB7D6795AC9}.Debug|ARM.Build.0 = Debug|Any CPU
		{786773A4-8EBF-4B5E-99CC-1FB7D6795AC9}.Debug|ARM.Deploy.0 = Debug|Any CPU
		{786773A4-8EBF-4B5E-99CC-1FB7D6795AC9}.Debug|iPhone.ActiveCfg = Debug|Any CPU
		{786773A4-8EBF-4B5E-99CC-1FB7D6795AC9}.Debug|iPhone.Build.0 = Debug|Any CPU
		{786773A4-8EBF-4B5E-99CC-1FB7D6795AC9}.Debug|iPhone.Deploy.0 = Debug|Any CPU
		{786773A4-8EBF-4B5E-99CC-1FB7D6795AC9}.Debug|iPhoneSimulator.ActiveCfg = Debug|Any CPU
		{786773A4-8EBF-4B5E-99CC-1FB7D6795AC9}.Debug|iPhoneSimulator.Build.0 = Debug|Any CPU
		{786773A4-8EBF-4B5E-99CC-1FB7D6795AC9}.Debug|iPhoneSimulator.Deploy.0 = Debug|Any CPU
		{786773A4-8EBF-4B5E-99CC-1FB7D6795AC9}.Debug|x64.ActiveCfg = Debug|Any CPU
		{786773A4-8EBF-4B5E-99CC-1FB7D6795AC9}.Debug|x64.Build.0 = Debug|Any CPU
		{786773A4-8EBF-4B5E-99CC-1FB7D6795AC9}.Debug|x64.Deploy.0 = Debug|Any CPU
		{786773A4-8EBF-4B5E-99CC-1FB7D6795AC9}.Debug|x86.ActiveCfg = Debug|Any CPU
		{786773A4-8EBF-4B5E-99CC-1FB7D6795AC9}.Debug|x86.Build.0 = Debug|Any CPU
		{786773A4-8EBF-4B5E-99CC-1FB7D6795AC9}.Debug|x86.Deploy.0 = Debug|Any CPU
		{786773A4-8EBF-4B5E-99CC-1FB7D6795AC9}.Release|Any CPU.ActiveCfg = Release|Any CPU
		{786773A4-8EBF-4B5E-99CC-1FB7D6795AC9}.Release|Any CPU.Build.0 = Release|Any CPU
		{786773A4-8EBF-4B5E-99CC-1FB7D6795AC9}.Release|Any CPU.Deploy.0 = Release|Any CPU
		{786773A4-8EBF-4B5E-99CC-1FB7D6795AC9}.Release|ARM.ActiveCfg = Release|Any CPU
		{786773A4-8EBF-4B5E-99CC-1FB7D6795AC9}.Release|ARM.Build.0 = Release|Any CPU
		{786773A4-8EBF-4B5E-99CC-1FB7D6795AC9}.Release|ARM.Deploy.0 = Release|Any CPU
		{786773A4-8EBF-4B5E-99CC-1FB7D6795AC9}.Release|iPhone.ActiveCfg = Release|Any CPU
		{786773A4-8EBF-4B5E-99CC-1FB7D6795AC9}.Release|iPhone.Build.0 = Release|Any CPU
		{786773A4-8EBF-4B5E-99CC-1FB7D6795AC9}.Release|iPhone.Deploy.0 = Release|Any CPU
		{786773A4-8EBF-4B5E-99CC-1FB7D6795AC9}.Release|iPhoneSimulator.ActiveCfg = Release|Any CPU
		{786773A4-8EBF-4B5E-99CC-1FB7D6795AC9}.Release|iPhoneSimulator.Build.0 = Release|Any CPU
		{786773A4-8EBF-4B5E-99CC-1FB7D6795AC9}.Release|iPhoneSimulator.Deploy.0 = Release|Any CPU
		{786773A4-8EBF-4B5E-99CC-1FB7D6795AC9}.Release|x64.ActiveCfg = Release|Any CPU
		{786773A4-8EBF-4B5E-99CC-1FB7D6795AC9}.Release|x64.Build.0 = Release|Any CPU
		{786773A4-8EBF-4B5E-99CC-1FB7D6795AC9}.Release|x64.Deploy.0 = Release|Any CPU
		{786773A4-8EBF-4B5E-99CC-1FB7D6795AC9}.Release|x86.ActiveCfg = Release|Any CPU
		{786773A4-8EBF-4B5E-99CC-1FB7D6795AC9}.Release|x86.Build.0 = Release|Any CPU
		{786773A4-8EBF-4B5E-99CC-1FB7D6795AC9}.Release|x86.Deploy.0 = Release|Any CPU
		{CCF7FDA7-7112-4A03-B2C8-671144F040EA}.Debug|Any CPU.ActiveCfg = Debug|iPhoneSimulator
		{CCF7FDA7-7112-4A03-B2C8-671144F040EA}.Debug|Any CPU.Build.0 = Debug|iPhoneSimulator
		{CCF7FDA7-7112-4A03-B2C8-671144F040EA}.Debug|Any CPU.Deploy.0 = Debug|iPhoneSimulator
		{CCF7FDA7-7112-4A03-B2C8-671144F040EA}.Debug|ARM.ActiveCfg = Debug|iPhone
		{CCF7FDA7-7112-4A03-B2C8-671144F040EA}.Debug|ARM.Build.0 = Debug|iPhone
		{CCF7FDA7-7112-4A03-B2C8-671144F040EA}.Debug|ARM.Deploy.0 = Debug|iPhone
		{CCF7FDA7-7112-4A03-B2C8-671144F040EA}.Debug|iPhone.ActiveCfg = Debug|iPhone
		{CCF7FDA7-7112-4A03-B2C8-671144F040EA}.Debug|iPhone.Build.0 = Debug|iPhone
		{CCF7FDA7-7112-4A03-B2C8-671144F040EA}.Debug|iPhone.Deploy.0 = Debug|iPhone
		{CCF7FDA7-7112-4A03-B2C8-671144F040EA}.Debug|iPhoneSimulator.ActiveCfg = Debug|iPhoneSimulator
		{CCF7FDA7-7112-4A03-B2C8-671144F040EA}.Debug|iPhoneSimulator.Build.0 = Debug|iPhoneSimulator
		{CCF7FDA7-7112-4A03-B2C8-671144F040EA}.Debug|iPhoneSimulator.Deploy.0 = Debug|iPhoneSimulator
		{CCF7FDA7-7112-4A03-B2C8-671144F040EA}.Debug|x64.ActiveCfg = Debug|iPhoneSimulator
		{CCF7FDA7-7112-4A03-B2C8-671144F040EA}.Debug|x64.Build.0 = Debug|iPhoneSimulator
		{CCF7FDA7-7112-4A03-B2C8-671144F040EA}.Debug|x64.Deploy.0 = Debug|iPhoneSimulator
		{CCF7FDA7-7112-4A03-B2C8-671144F040EA}.Debug|x86.ActiveCfg = Debug|iPhoneSimulator
		{CCF7FDA7-7112-4A03-B2C8-671144F040EA}.Debug|x86.Build.0 = Debug|iPhoneSimulator
		{CCF7FDA7-7112-4A03-B2C8-671144F040EA}.Debug|x86.Deploy.0 = Debug|iPhoneSimulator
		{CCF7FDA7-7112-4A03-B2C8-671144F040EA}.Release|Any CPU.ActiveCfg = Release|iPhoneSimulator
		{CCF7FDA7-7112-4A03-B2C8-671144F040EA}.Release|Any CPU.Build.0 = Release|iPhoneSimulator
		{CCF7FDA7-7112-4A03-B2C8-671144F040EA}.Release|Any CPU.Deploy.0 = Release|iPhoneSimulator
		{CCF7FDA7-7112-4A03-B2C8-671144F040EA}.Release|ARM.ActiveCfg = Release|iPhoneSimulator
		{CCF7FDA7-7112-4A03-B2C8-671144F040EA}.Release|ARM.Build.0 = Release|iPhoneSimulator
		{CCF7FDA7-7112-4A03-B2C8-671144F040EA}.Release|ARM.Deploy.0 = Release|iPhoneSimulator
		{CCF7FDA7-7112-4A03-B2C8-671144F040EA}.Release|iPhone.ActiveCfg = Release|iPhone
		{CCF7FDA7-7112-4A03-B2C8-671144F040EA}.Release|iPhone.Build.0 = Release|iPhone
		{CCF7FDA7-7112-4A03-B2C8-671144F040EA}.Release|iPhone.Deploy.0 = Release|iPhone
		{CCF7FDA7-7112-4A03-B2C8-671144F040EA}.Release|iPhoneSimulator.ActiveCfg = Release|iPhoneSimulator
		{CCF7FDA7-7112-4A03-B2C8-671144F040EA}.Release|iPhoneSimulator.Build.0 = Release|iPhoneSimulator
		{CCF7FDA7-7112-4A03-B2C8-671144F040EA}.Release|iPhoneSimulator.Deploy.0 = Release|iPhoneSimulator
		{CCF7FDA7-7112-4A03-B2C8-671144F040EA}.Release|x64.ActiveCfg = Release|iPhoneSimulator
		{CCF7FDA7-7112-4A03-B2C8-671144F040EA}.Release|x64.Build.0 = Release|iPhoneSimulator
		{CCF7FDA7-7112-4A03-B2C8-671144F040EA}.Release|x64.Deploy.0 = Release|iPhoneSimulator
		{CCF7FDA7-7112-4A03-B2C8-671144F040EA}.Release|x86.ActiveCfg = Release|iPhoneSimulator
		{CCF7FDA7-7112-4A03-B2C8-671144F040EA}.Release|x86.Build.0 = Release|iPhoneSimulator
		{CCF7FDA7-7112-4A03-B2C8-671144F040EA}.Release|x86.Deploy.0 = Release|iPhoneSimulator
		{6B985B44-DDAD-4CDC-8596-61B59204B58B}.Debug|Any CPU.ActiveCfg = Debug|Any CPU
		{6B985B44-DDAD-4CDC-8596-61B59204B58B}.Debug|Any CPU.Build.0 = Debug|Any CPU
		{6B985B44-DDAD-4CDC-8596-61B59204B58B}.Debug|Any CPU.Deploy.0 = Debug|Any CPU
		{6B985B44-DDAD-4CDC-8596-61B59204B58B}.Debug|ARM.ActiveCfg = Debug|Any CPU
		{6B985B44-DDAD-4CDC-8596-61B59204B58B}.Debug|ARM.Build.0 = Debug|Any CPU
		{6B985B44-DDAD-4CDC-8596-61B59204B58B}.Debug|ARM.Deploy.0 = Debug|Any CPU
		{6B985B44-DDAD-4CDC-8596-61B59204B58B}.Debug|iPhone.ActiveCfg = Debug|Any CPU
		{6B985B44-DDAD-4CDC-8596-61B59204B58B}.Debug|iPhone.Build.0 = Debug|Any CPU
		{6B985B44-DDAD-4CDC-8596-61B59204B58B}.Debug|iPhone.Deploy.0 = Debug|Any CPU
		{6B985B44-DDAD-4CDC-8596-61B59204B58B}.Debug|iPhoneSimulator.ActiveCfg = Debug|Any CPU
		{6B985B44-DDAD-4CDC-8596-61B59204B58B}.Debug|iPhoneSimulator.Build.0 = Debug|Any CPU
		{6B985B44-DDAD-4CDC-8596-61B59204B58B}.Debug|iPhoneSimulator.Deploy.0 = Debug|Any CPU
		{6B985B44-DDAD-4CDC-8596-61B59204B58B}.Debug|x64.ActiveCfg = Debug|Any CPU
		{6B985B44-DDAD-4CDC-8596-61B59204B58B}.Debug|x64.Build.0 = Debug|Any CPU
		{6B985B44-DDAD-4CDC-8596-61B59204B58B}.Debug|x64.Deploy.0 = Debug|Any CPU
		{6B985B44-DDAD-4CDC-8596-61B59204B58B}.Debug|x86.ActiveCfg = Debug|Any CPU
		{6B985B44-DDAD-4CDC-8596-61B59204B58B}.Debug|x86.Build.0 = Debug|Any CPU
		{6B985B44-DDAD-4CDC-8596-61B59204B58B}.Debug|x86.Deploy.0 = Debug|Any CPU
		{6B985B44-DDAD-4CDC-8596-61B59204B58B}.Release|Any CPU.ActiveCfg = Release|Any CPU
		{6B985B44-DDAD-4CDC-8596-61B59204B58B}.Release|Any CPU.Build.0 = Release|Any CPU
		{6B985B44-DDAD-4CDC-8596-61B59204B58B}.Release|Any CPU.Deploy.0 = Release|Any CPU
		{6B985B44-DDAD-4CDC-8596-61B59204B58B}.Release|ARM.ActiveCfg = Release|Any CPU
		{6B985B44-DDAD-4CDC-8596-61B59204B58B}.Release|ARM.Build.0 = Release|Any CPU
		{6B985B44-DDAD-4CDC-8596-61B59204B58B}.Release|ARM.Deploy.0 = Release|Any CPU
		{6B985B44-DDAD-4CDC-8596-61B59204B58B}.Release|iPhone.ActiveCfg = Release|Any CPU
		{6B985B44-DDAD-4CDC-8596-61B59204B58B}.Release|iPhone.Build.0 = Release|Any CPU
		{6B985B44-DDAD-4CDC-8596-61B59204B58B}.Release|iPhone.Deploy.0 = Release|Any CPU
		{6B985B44-DDAD-4CDC-8596-61B59204B58B}.Release|iPhoneSimulator.ActiveCfg = Release|Any CPU
		{6B985B44-DDAD-4CDC-8596-61B59204B58B}.Release|iPhoneSimulator.Build.0 = Release|Any CPU
		{6B985B44-DDAD-4CDC-8596-61B59204B58B}.Release|iPhoneSimulator.Deploy.0 = Release|Any CPU
		{6B985B44-DDAD-4CDC-8596-61B59204B58B}.Release|x64.ActiveCfg = Release|Any CPU
		{6B985B44-DDAD-4CDC-8596-61B59204B58B}.Release|x64.Build.0 = Release|Any CPU
		{6B985B44-DDAD-4CDC-8596-61B59204B58B}.Release|x64.Deploy.0 = Release|Any CPU
		{6B985B44-DDAD-4CDC-8596-61B59204B58B}.Release|x86.ActiveCfg = Release|Any CPU
		{6B985B44-DDAD-4CDC-8596-61B59204B58B}.Release|x86.Build.0 = Release|Any CPU
		{6B985B44-DDAD-4CDC-8596-61B59204B58B}.Release|x86.Deploy.0 = Release|Any CPU
	EndGlobalSection
	GlobalSection(SolutionProperties) = preSolution
		HideSolutionNode = FALSE
	EndGlobalSection
	GlobalSection(ExtensibilityGlobals) = postSolution
		SolutionGuid = {94528735-1D33-408A-95C1-D3280BB4BE11}
	EndGlobalSection
EndGlobal
